// !$*UTF8*$!
{
	archiveVersion = 1;
	classes = {
	};
	objectVersion = 50;
	objects = {

/* Begin PBXBuildFile section */
		216D7338F32EB22191B0854C /* Pods_LivestreamFails.framework in Frameworks */ = {isa = PBXBuildFile; fileRef = 88316329ACF63AEE6E0B9E59 /* Pods_LivestreamFails.framework */; };
		230B4734693F6D931F2B81A2 /* Pods_LivestreamFailsTests.framework in Frameworks */ = {isa = PBXBuildFile; fileRef = 8DA14CFC7AE26237DBC284A1 /* Pods_LivestreamFailsTests.framework */; };
		68FE4599B8D8FB44130664C3 /* Pods_LivestreamFailsUITests.framework in Frameworks */ = {isa = PBXBuildFile; fileRef = 854BB15AF176CF332B5F8B3F /* Pods_LivestreamFailsUITests.framework */; };
		A61398942295151400860952 /* LikeButton.swift in Sources */ = {isa = PBXBuildFile; fileRef = A61398932295151400860952 /* LikeButton.swift */; };
		A617AAA42291EB9F002F22CC /* HTMLParser.swift in Sources */ = {isa = PBXBuildFile; fileRef = A617AAA32291EB9F002F22CC /* HTMLParser.swift */; };
		A617AAA62291EBC7002F22CC /* LSFailsError.swift in Sources */ = {isa = PBXBuildFile; fileRef = A617AAA52291EBC7002F22CC /* LSFailsError.swift */; };
		A617AAA82291EC08002F22CC /* R.generated.swift in Sources */ = {isa = PBXBuildFile; fileRef = A617AAA72291EC08002F22CC /* R.generated.swift */; };
		A617AAAB2291F1C9002F22CC /* HomeVideosViewModel.swift in Sources */ = {isa = PBXBuildFile; fileRef = A617AAAA2291F1C9002F22CC /* HomeVideosViewModel.swift */; };
		A617AAAD2291F211002F22CC /* PaginationInfo.swift in Sources */ = {isa = PBXBuildFile; fileRef = A617AAAC2291F211002F22CC /* PaginationInfo.swift */; };
		A617AAAF2291F6E3002F22CC /* HomeVideoTableViewCell.swift in Sources */ = {isa = PBXBuildFile; fileRef = A617AAAE2291F6E3002F22CC /* HomeVideoTableViewCell.swift */; };
		A617AAB12291F73D002F22CC /* Configurable.swift in Sources */ = {isa = PBXBuildFile; fileRef = A617AAB02291F73D002F22CC /* Configurable.swift */; };
		A617AAB42291F774002F22CC /* VideoPostPresentable.swift in Sources */ = {isa = PBXBuildFile; fileRef = A617AAB32291F774002F22CC /* VideoPostPresentable.swift */; };
		A617AAB62291F929002F22CC /* HomeVideoTableViewCell.xib in Resources */ = {isa = PBXBuildFile; fileRef = A617AAB52291F929002F22CC /* HomeVideoTableViewCell.xib */; };
		A617AAB82291F987002F22CC /* Colors.xcassets in Resources */ = {isa = PBXBuildFile; fileRef = A617AAB72291F987002F22CC /* Colors.xcassets */; };
		A66E3961228A4FE50042AD64 /* AppDelegate.swift in Sources */ = {isa = PBXBuildFile; fileRef = A66E3960228A4FE50042AD64 /* AppDelegate.swift */; };
		A66E3963228A4FE50042AD64 /* FirstViewController.swift in Sources */ = {isa = PBXBuildFile; fileRef = A66E3962228A4FE50042AD64 /* FirstViewController.swift */; };
		A66E3965228A4FE50042AD64 /* SecondViewController.swift in Sources */ = {isa = PBXBuildFile; fileRef = A66E3964228A4FE50042AD64 /* SecondViewController.swift */; };
		A66E3968228A4FE50042AD64 /* Main.storyboard in Resources */ = {isa = PBXBuildFile; fileRef = A66E3966228A4FE50042AD64 /* Main.storyboard */; };
		A66E396A228A4FE70042AD64 /* Assets.xcassets in Resources */ = {isa = PBXBuildFile; fileRef = A66E3969228A4FE70042AD64 /* Assets.xcassets */; };
		A66E396D228A4FE70042AD64 /* LaunchScreen.storyboard in Resources */ = {isa = PBXBuildFile; fileRef = A66E396B228A4FE70042AD64 /* LaunchScreen.storyboard */; };
		A66E3978228A4FE70042AD64 /* LivestreamFailsTests.swift in Sources */ = {isa = PBXBuildFile; fileRef = A66E3977228A4FE70042AD64 /* LivestreamFailsTests.swift */; };
		A66E3983228A4FE70042AD64 /* LivestreamFailsUITests.swift in Sources */ = {isa = PBXBuildFile; fileRef = A66E3982228A4FE70042AD64 /* LivestreamFailsUITests.swift */; };
		A66E399C228A50A70042AD64 /* LiveStreamFailsAPI.swift in Sources */ = {isa = PBXBuildFile; fileRef = A66E399B228A50A70042AD64 /* LiveStreamFailsAPI.swift */; };
		A66E399E228A518F0042AD64 /* AppDefined.swift in Sources */ = {isa = PBXBuildFile; fileRef = A66E399D228A518F0042AD64 /* AppDefined.swift */; };
		A66E39A0228A52F40042AD64 /* Home.storyboard in Resources */ = {isa = PBXBuildFile; fileRef = A66E399F228A52F40042AD64 /* Home.storyboard */; };
		A66E39A2228A53480042AD64 /* HomeViewController.swift in Sources */ = {isa = PBXBuildFile; fileRef = A66E39A1228A53480042AD64 /* HomeViewController.swift */; };
		A66E39A4228A536D0042AD64 /* UIViewController+Utility.swift in Sources */ = {isa = PBXBuildFile; fileRef = A66E39A3228A536D0042AD64 /* UIViewController+Utility.swift */; };
		A66E39A6228A53DD0042AD64 /* Logger.swift in Sources */ = {isa = PBXBuildFile; fileRef = A66E39A5228A53DD0042AD64 /* Logger.swift */; };
		A66E39A8228A54050042AD64 /* ViewModelType.swift in Sources */ = {isa = PBXBuildFile; fileRef = A66E39A7228A54050042AD64 /* ViewModelType.swift */; };
		A66E39AA228A541E0042AD64 /* ErrorTracker.swift in Sources */ = {isa = PBXBuildFile; fileRef = A66E39A9228A541E0042AD64 /* ErrorTracker.swift */; };
		A66E39AC228A54420042AD64 /* UIFont+Utility.swift in Sources */ = {isa = PBXBuildFile; fileRef = A66E39AB228A54420042AD64 /* UIFont+Utility.swift */; };
		A66E39AE228A54500042AD64 /* UIColor+Utility.swift in Sources */ = {isa = PBXBuildFile; fileRef = A66E39AD228A54500042AD64 /* UIColor+Utility.swift */; };
		A66E39B0228A546B0042AD64 /* UIView+IBInspectables.swift in Sources */ = {isa = PBXBuildFile; fileRef = A66E39AF228A546B0042AD64 /* UIView+IBInspectables.swift */; };
		A66E39B2228A54780042AD64 /* ObservableType+Tracker.swift in Sources */ = {isa = PBXBuildFile; fileRef = A66E39B1228A54780042AD64 /* ObservableType+Tracker.swift */; };
		A66E39B4228A54830042AD64 /* ObservableType+Utility.swift in Sources */ = {isa = PBXBuildFile; fileRef = A66E39B3228A54830042AD64 /* ObservableType+Utility.swift */; };
		A66E39B6228A54CC0042AD64 /* BaseViewController.swift in Sources */ = {isa = PBXBuildFile; fileRef = A66E39B5228A54CC0042AD64 /* BaseViewController.swift */; };
		A66E39B9228A55640042AD64 /* VideoPost.swift in Sources */ = {isa = PBXBuildFile; fileRef = A66E39B8228A55640042AD64 /* VideoPost.swift */; };
		A6A35B812294734900018E44 /* ChatTableViewCell.swift in Sources */ = {isa = PBXBuildFile; fileRef = A6A35B802294734900018E44 /* ChatTableViewCell.swift */; };
		A6A35B83229473B600018E44 /* ChatTableViewCell.xib in Resources */ = {isa = PBXBuildFile; fileRef = A6A35B82229473B600018E44 /* ChatTableViewCell.xib */; };
		A6A35B852294762C00018E44 /* Message.swift in Sources */ = {isa = PBXBuildFile; fileRef = A6A35B842294762C00018E44 /* Message.swift */; };
		A6A35B8822947E4300018E44 /* PlayerView.swift in Sources */ = {isa = PBXBuildFile; fileRef = A6A35B8722947E4300018E44 /* PlayerView.swift */; };
		A6A35B8A2294909C00018E44 /* StoryCollectionViewCell.swift in Sources */ = {isa = PBXBuildFile; fileRef = A6A35B892294909C00018E44 /* StoryCollectionViewCell.swift */; };
		A6A35B8C229490E800018E44 /* StoryCollectionViewCell.xib in Resources */ = {isa = PBXBuildFile; fileRef = A6A35B8B229490E800018E44 /* StoryCollectionViewCell.xib */; };
		A6A35B8E2294958F00018E44 /* Story.swift in Sources */ = {isa = PBXBuildFile; fileRef = A6A35B8D2294958F00018E44 /* Story.swift */; };
/* End PBXBuildFile section */

/* Begin PBXContainerItemProxy section */
		A66E3974228A4FE70042AD64 /* PBXContainerItemProxy */ = {
			isa = PBXContainerItemProxy;
			containerPortal = A66E3955228A4FE50042AD64 /* Project object */;
			proxyType = 1;
			remoteGlobalIDString = A66E395C228A4FE50042AD64;
			remoteInfo = LivestreamFails;
		};
		A66E397F228A4FE70042AD64 /* PBXContainerItemProxy */ = {
			isa = PBXContainerItemProxy;
			containerPortal = A66E3955228A4FE50042AD64 /* Project object */;
			proxyType = 1;
			remoteGlobalIDString = A66E395C228A4FE50042AD64;
			remoteInfo = LivestreamFails;
		};
/* End PBXContainerItemProxy section */

/* Begin PBXFileReference section */
		2572061465AABF6FDE3FD758 /* Pods-LivestreamFails.release.xcconfig */ = {isa = PBXFileReference; includeInIndex = 1; lastKnownFileType = text.xcconfig; name = "Pods-LivestreamFails.release.xcconfig"; path = "Pods/Target Support Files/Pods-LivestreamFails/Pods-LivestreamFails.release.xcconfig"; sourceTree = "<group>"; };
		5FC1EF5F171F6102EFFDD980 /* Pods-LivestreamFails.debug.xcconfig */ = {isa = PBXFileReference; includeInIndex = 1; lastKnownFileType = text.xcconfig; name = "Pods-LivestreamFails.debug.xcconfig"; path = "Pods/Target Support Files/Pods-LivestreamFails/Pods-LivestreamFails.debug.xcconfig"; sourceTree = "<group>"; };
		71B27BC93FE8E92137D9C91E /* Pods-LivestreamFailsUITests.debug.xcconfig */ = {isa = PBXFileReference; includeInIndex = 1; lastKnownFileType = text.xcconfig; name = "Pods-LivestreamFailsUITests.debug.xcconfig"; path = "Pods/Target Support Files/Pods-LivestreamFailsUITests/Pods-LivestreamFailsUITests.debug.xcconfig"; sourceTree = "<group>"; };
		854BB15AF176CF332B5F8B3F /* Pods_LivestreamFailsUITests.framework */ = {isa = PBXFileReference; explicitFileType = wrapper.framework; includeInIndex = 0; path = Pods_LivestreamFailsUITests.framework; sourceTree = BUILT_PRODUCTS_DIR; };
		88316329ACF63AEE6E0B9E59 /* Pods_LivestreamFails.framework */ = {isa = PBXFileReference; explicitFileType = wrapper.framework; includeInIndex = 0; path = Pods_LivestreamFails.framework; sourceTree = BUILT_PRODUCTS_DIR; };
		8952A89AB44792B9FB6A27FF /* Pods-LivestreamFailsTests.debug.xcconfig */ = {isa = PBXFileReference; includeInIndex = 1; lastKnownFileType = text.xcconfig; name = "Pods-LivestreamFailsTests.debug.xcconfig"; path = "Pods/Target Support Files/Pods-LivestreamFailsTests/Pods-LivestreamFailsTests.debug.xcconfig"; sourceTree = "<group>"; };
		8DA14CFC7AE26237DBC284A1 /* Pods_LivestreamFailsTests.framework */ = {isa = PBXFileReference; explicitFileType = wrapper.framework; includeInIndex = 0; path = Pods_LivestreamFailsTests.framework; sourceTree = BUILT_PRODUCTS_DIR; };
		A61398932295151400860952 /* LikeButton.swift */ = {isa = PBXFileReference; lastKnownFileType = sourcecode.swift; path = LikeButton.swift; sourceTree = "<group>"; };
		A617AAA32291EB9F002F22CC /* HTMLParser.swift */ = {isa = PBXFileReference; lastKnownFileType = sourcecode.swift; path = HTMLParser.swift; sourceTree = "<group>"; };
		A617AAA52291EBC7002F22CC /* LSFailsError.swift */ = {isa = PBXFileReference; lastKnownFileType = sourcecode.swift; path = LSFailsError.swift; sourceTree = "<group>"; };
		A617AAA72291EC08002F22CC /* R.generated.swift */ = {isa = PBXFileReference; fileEncoding = 4; lastKnownFileType = sourcecode.swift; path = R.generated.swift; sourceTree = SOURCE_ROOT; };
		A617AAAA2291F1C9002F22CC /* HomeVideosViewModel.swift */ = {isa = PBXFileReference; lastKnownFileType = sourcecode.swift; path = HomeVideosViewModel.swift; sourceTree = "<group>"; };
		A617AAAC2291F211002F22CC /* PaginationInfo.swift */ = {isa = PBXFileReference; lastKnownFileType = sourcecode.swift; path = PaginationInfo.swift; sourceTree = "<group>"; };
		A617AAAE2291F6E3002F22CC /* HomeVideoTableViewCell.swift */ = {isa = PBXFileReference; lastKnownFileType = sourcecode.swift; path = HomeVideoTableViewCell.swift; sourceTree = "<group>"; };
		A617AAB02291F73D002F22CC /* Configurable.swift */ = {isa = PBXFileReference; lastKnownFileType = sourcecode.swift; path = Configurable.swift; sourceTree = "<group>"; };
		A617AAB32291F774002F22CC /* VideoPostPresentable.swift */ = {isa = PBXFileReference; lastKnownFileType = sourcecode.swift; path = VideoPostPresentable.swift; sourceTree = "<group>"; };
		A617AAB52291F929002F22CC /* HomeVideoTableViewCell.xib */ = {isa = PBXFileReference; lastKnownFileType = file.xib; path = HomeVideoTableViewCell.xib; sourceTree = "<group>"; };
		A617AAB72291F987002F22CC /* Colors.xcassets */ = {isa = PBXFileReference; lastKnownFileType = folder.assetcatalog; path = Colors.xcassets; sourceTree = "<group>"; };
		A66E395D228A4FE50042AD64 /* LivestreamFails.app */ = {isa = PBXFileReference; explicitFileType = wrapper.application; includeInIndex = 0; path = LivestreamFails.app; sourceTree = BUILT_PRODUCTS_DIR; };
		A66E3960228A4FE50042AD64 /* AppDelegate.swift */ = {isa = PBXFileReference; lastKnownFileType = sourcecode.swift; path = AppDelegate.swift; sourceTree = "<group>"; };
		A66E3962228A4FE50042AD64 /* FirstViewController.swift */ = {isa = PBXFileReference; lastKnownFileType = sourcecode.swift; path = FirstViewController.swift; sourceTree = "<group>"; };
		A66E3964228A4FE50042AD64 /* SecondViewController.swift */ = {isa = PBXFileReference; lastKnownFileType = sourcecode.swift; path = SecondViewController.swift; sourceTree = "<group>"; };
		A66E3967228A4FE50042AD64 /* Base */ = {isa = PBXFileReference; lastKnownFileType = file.storyboard; name = Base; path = Base.lproj/Main.storyboard; sourceTree = "<group>"; };
		A66E3969228A4FE70042AD64 /* Assets.xcassets */ = {isa = PBXFileReference; lastKnownFileType = folder.assetcatalog; path = Assets.xcassets; sourceTree = "<group>"; };
		A66E396C228A4FE70042AD64 /* Base */ = {isa = PBXFileReference; lastKnownFileType = file.storyboard; name = Base; path = Base.lproj/LaunchScreen.storyboard; sourceTree = "<group>"; };
		A66E396E228A4FE70042AD64 /* Info.plist */ = {isa = PBXFileReference; lastKnownFileType = text.plist.xml; path = Info.plist; sourceTree = "<group>"; };
		A66E3973228A4FE70042AD64 /* LivestreamFailsTests.xctest */ = {isa = PBXFileReference; explicitFileType = wrapper.cfbundle; includeInIndex = 0; path = LivestreamFailsTests.xctest; sourceTree = BUILT_PRODUCTS_DIR; };
		A66E3977228A4FE70042AD64 /* LivestreamFailsTests.swift */ = {isa = PBXFileReference; lastKnownFileType = sourcecode.swift; path = LivestreamFailsTests.swift; sourceTree = "<group>"; };
		A66E3979228A4FE70042AD64 /* Info.plist */ = {isa = PBXFileReference; lastKnownFileType = text.plist.xml; path = Info.plist; sourceTree = "<group>"; };
		A66E397E228A4FE70042AD64 /* LivestreamFailsUITests.xctest */ = {isa = PBXFileReference; explicitFileType = wrapper.cfbundle; includeInIndex = 0; path = LivestreamFailsUITests.xctest; sourceTree = BUILT_PRODUCTS_DIR; };
		A66E3982228A4FE70042AD64 /* LivestreamFailsUITests.swift */ = {isa = PBXFileReference; lastKnownFileType = sourcecode.swift; path = LivestreamFailsUITests.swift; sourceTree = "<group>"; };
		A66E3984228A4FE70042AD64 /* Info.plist */ = {isa = PBXFileReference; lastKnownFileType = text.plist.xml; path = Info.plist; sourceTree = "<group>"; };
		A66E399B228A50A70042AD64 /* LiveStreamFailsAPI.swift */ = {isa = PBXFileReference; lastKnownFileType = sourcecode.swift; path = LiveStreamFailsAPI.swift; sourceTree = "<group>"; };
		A66E399D228A518F0042AD64 /* AppDefined.swift */ = {isa = PBXFileReference; lastKnownFileType = sourcecode.swift; path = AppDefined.swift; sourceTree = "<group>"; };
		A66E399F228A52F40042AD64 /* Home.storyboard */ = {isa = PBXFileReference; lastKnownFileType = file.storyboard; path = Home.storyboard; sourceTree = "<group>"; };
		A66E39A1228A53480042AD64 /* HomeViewController.swift */ = {isa = PBXFileReference; lastKnownFileType = sourcecode.swift; path = HomeViewController.swift; sourceTree = "<group>"; };
		A66E39A3228A536D0042AD64 /* UIViewController+Utility.swift */ = {isa = PBXFileReference; lastKnownFileType = sourcecode.swift; path = "UIViewController+Utility.swift"; sourceTree = "<group>"; };
		A66E39A5228A53DD0042AD64 /* Logger.swift */ = {isa = PBXFileReference; lastKnownFileType = sourcecode.swift; path = Logger.swift; sourceTree = "<group>"; };
		A66E39A7228A54050042AD64 /* ViewModelType.swift */ = {isa = PBXFileReference; lastKnownFileType = sourcecode.swift; path = ViewModelType.swift; sourceTree = "<group>"; };
		A66E39A9228A541E0042AD64 /* ErrorTracker.swift */ = {isa = PBXFileReference; lastKnownFileType = sourcecode.swift; path = ErrorTracker.swift; sourceTree = "<group>"; };
		A66E39AB228A54420042AD64 /* UIFont+Utility.swift */ = {isa = PBXFileReference; lastKnownFileType = sourcecode.swift; path = "UIFont+Utility.swift"; sourceTree = "<group>"; };
		A66E39AD228A54500042AD64 /* UIColor+Utility.swift */ = {isa = PBXFileReference; lastKnownFileType = sourcecode.swift; path = "UIColor+Utility.swift"; sourceTree = "<group>"; };
		A66E39AF228A546B0042AD64 /* UIView+IBInspectables.swift */ = {isa = PBXFileReference; lastKnownFileType = sourcecode.swift; path = "UIView+IBInspectables.swift"; sourceTree = "<group>"; };
		A66E39B1228A54780042AD64 /* ObservableType+Tracker.swift */ = {isa = PBXFileReference; lastKnownFileType = sourcecode.swift; path = "ObservableType+Tracker.swift"; sourceTree = "<group>"; };
		A66E39B3228A54830042AD64 /* ObservableType+Utility.swift */ = {isa = PBXFileReference; lastKnownFileType = sourcecode.swift; path = "ObservableType+Utility.swift"; sourceTree = "<group>"; };
		A66E39B5228A54CC0042AD64 /* BaseViewController.swift */ = {isa = PBXFileReference; lastKnownFileType = sourcecode.swift; path = BaseViewController.swift; sourceTree = "<group>"; };
		A66E39B8228A55640042AD64 /* VideoPost.swift */ = {isa = PBXFileReference; lastKnownFileType = sourcecode.swift; path = VideoPost.swift; sourceTree = "<group>"; };
		A6A35B802294734900018E44 /* ChatTableViewCell.swift */ = {isa = PBXFileReference; lastKnownFileType = sourcecode.swift; path = ChatTableViewCell.swift; sourceTree = "<group>"; };
		A6A35B82229473B600018E44 /* ChatTableViewCell.xib */ = {isa = PBXFileReference; lastKnownFileType = file.xib; path = ChatTableViewCell.xib; sourceTree = "<group>"; };
		A6A35B842294762C00018E44 /* Message.swift */ = {isa = PBXFileReference; lastKnownFileType = sourcecode.swift; path = Message.swift; sourceTree = "<group>"; };
		A6A35B8722947E4300018E44 /* PlayerView.swift */ = {isa = PBXFileReference; lastKnownFileType = sourcecode.swift; path = PlayerView.swift; sourceTree = "<group>"; };
		A6A35B892294909C00018E44 /* StoryCollectionViewCell.swift */ = {isa = PBXFileReference; lastKnownFileType = sourcecode.swift; path = StoryCollectionViewCell.swift; sourceTree = "<group>"; };
		A6A35B8B229490E800018E44 /* StoryCollectionViewCell.xib */ = {isa = PBXFileReference; lastKnownFileType = file.xib; path = StoryCollectionViewCell.xib; sourceTree = "<group>"; };
		A6A35B8D2294958F00018E44 /* Story.swift */ = {isa = PBXFileReference; lastKnownFileType = sourcecode.swift; path = Story.swift; sourceTree = "<group>"; };
		DAA5F3E8D3C5F1344739246F /* Pods-LivestreamFailsTests.release.xcconfig */ = {isa = PBXFileReference; includeInIndex = 1; lastKnownFileType = text.xcconfig; name = "Pods-LivestreamFailsTests.release.xcconfig"; path = "Pods/Target Support Files/Pods-LivestreamFailsTests/Pods-LivestreamFailsTests.release.xcconfig"; sourceTree = "<group>"; };
		FB3E594FF3818CE6DFAE5B0C /* Pods-LivestreamFailsUITests.release.xcconfig */ = {isa = PBXFileReference; includeInIndex = 1; lastKnownFileType = text.xcconfig; name = "Pods-LivestreamFailsUITests.release.xcconfig"; path = "Pods/Target Support Files/Pods-LivestreamFailsUITests/Pods-LivestreamFailsUITests.release.xcconfig"; sourceTree = "<group>"; };
/* End PBXFileReference section */

/* Begin PBXFrameworksBuildPhase section */
		A66E395A228A4FE50042AD64 /* Frameworks */ = {
			isa = PBXFrameworksBuildPhase;
			buildActionMask = 2147483647;
			files = (
				216D7338F32EB22191B0854C /* Pods_LivestreamFails.framework in Frameworks */,
			);
			runOnlyForDeploymentPostprocessing = 0;
		};
		A66E3970228A4FE70042AD64 /* Frameworks */ = {
			isa = PBXFrameworksBuildPhase;
			buildActionMask = 2147483647;
			files = (
				230B4734693F6D931F2B81A2 /* Pods_LivestreamFailsTests.framework in Frameworks */,
			);
			runOnlyForDeploymentPostprocessing = 0;
		};
		A66E397B228A4FE70042AD64 /* Frameworks */ = {
			isa = PBXFrameworksBuildPhase;
			buildActionMask = 2147483647;
			files = (
				68FE4599B8D8FB44130664C3 /* Pods_LivestreamFailsUITests.framework in Frameworks */,
			);
			runOnlyForDeploymentPostprocessing = 0;
		};
/* End PBXFrameworksBuildPhase section */

/* Begin PBXGroup section */
		5D6A6EDC17469868525616CD /* Pods */ = {
			isa = PBXGroup;
			children = (
				5FC1EF5F171F6102EFFDD980 /* Pods-LivestreamFails.debug.xcconfig */,
				2572061465AABF6FDE3FD758 /* Pods-LivestreamFails.release.xcconfig */,
				8952A89AB44792B9FB6A27FF /* Pods-LivestreamFailsTests.debug.xcconfig */,
				DAA5F3E8D3C5F1344739246F /* Pods-LivestreamFailsTests.release.xcconfig */,
				71B27BC93FE8E92137D9C91E /* Pods-LivestreamFailsUITests.debug.xcconfig */,
				FB3E594FF3818CE6DFAE5B0C /* Pods-LivestreamFailsUITests.release.xcconfig */,
			);
			name = Pods;
			sourceTree = "<group>";
		};
		9EB3E44B0AA10377E4027BE3 /* Frameworks */ = {
			isa = PBXGroup;
			children = (
				88316329ACF63AEE6E0B9E59 /* Pods_LivestreamFails.framework */,
				8DA14CFC7AE26237DBC284A1 /* Pods_LivestreamFailsTests.framework */,
				854BB15AF176CF332B5F8B3F /* Pods_LivestreamFailsUITests.framework */,
			);
			name = Frameworks;
			sourceTree = "<group>";
		};
		A617AAA92291F141002F22CC /* Home */ = {
			isa = PBXGroup;
			children = (
				A66E39A1228A53480042AD64 /* HomeViewController.swift */,
				A617AAAA2291F1C9002F22CC /* HomeVideosViewModel.swift */,
				A617AAAE2291F6E3002F22CC /* HomeVideoTableViewCell.swift */,
				A617AAB52291F929002F22CC /* HomeVideoTableViewCell.xib */,
			);
			path = Home;
			sourceTree = "<group>";
		};
		A617AAB22291F759002F22CC /* Presentable */ = {
			isa = PBXGroup;
			children = (
				A617AAB32291F774002F22CC /* VideoPostPresentable.swift */,
			);
			path = Presentable;
			sourceTree = "<group>";
		};
		A66E3954228A4FE50042AD64 = {
			isa = PBXGroup;
			children = (
				A66E395F228A4FE50042AD64 /* LivestreamFails */,
				A66E3976228A4FE70042AD64 /* LivestreamFailsTests */,
				A66E3981228A4FE70042AD64 /* LivestreamFailsUITests */,
				A66E395E228A4FE50042AD64 /* Products */,
				5D6A6EDC17469868525616CD /* Pods */,
				9EB3E44B0AA10377E4027BE3 /* Frameworks */,
			);
			sourceTree = "<group>";
		};
		A66E395E228A4FE50042AD64 /* Products */ = {
			isa = PBXGroup;
			children = (
				A66E395D228A4FE50042AD64 /* LivestreamFails.app */,
				A66E3973228A4FE70042AD64 /* LivestreamFailsTests.xctest */,
				A66E397E228A4FE70042AD64 /* LivestreamFailsUITests.xctest */,
			);
			name = Products;
			sourceTree = "<group>";
		};
		A66E395F228A4FE50042AD64 /* LivestreamFails */ = {
			isa = PBXGroup;
			children = (
				A66E3997228A504D0042AD64 /* Application */,
				A66E3996228A50450042AD64 /* Core */,
				A66E3995228A503B0042AD64 /* DataManager */,
				A66E399A228A507E0042AD64 /* Network */,
				A66E3994228A50360042AD64 /* Models */,
				A66E3993228A50310042AD64 /* Views */,
				A66E3992228A50200042AD64 /* ViewControllers */,
				A66E3991228A50100042AD64 /* Storyboards */,
				A66E3990228A4FF00042AD64 /* Resources */,
			);
			path = LivestreamFails;
			sourceTree = "<group>";
		};
		A66E3976228A4FE70042AD64 /* LivestreamFailsTests */ = {
			isa = PBXGroup;
			children = (
				A66E3977228A4FE70042AD64 /* LivestreamFailsTests.swift */,
				A66E3979228A4FE70042AD64 /* Info.plist */,
			);
			path = LivestreamFailsTests;
			sourceTree = "<group>";
		};
		A66E3981228A4FE70042AD64 /* LivestreamFailsUITests */ = {
			isa = PBXGroup;
			children = (
				A66E3982228A4FE70042AD64 /* LivestreamFailsUITests.swift */,
				A66E3984228A4FE70042AD64 /* Info.plist */,
			);
			path = LivestreamFailsUITests;
			sourceTree = "<group>";
		};
		A66E3990228A4FF00042AD64 /* Resources */ = {
			isa = PBXGroup;
			children = (
				A617AAA72291EC08002F22CC /* R.generated.swift */,
				A66E3969228A4FE70042AD64 /* Assets.xcassets */,
				A617AAB72291F987002F22CC /* Colors.xcassets */,
				A66E396E228A4FE70042AD64 /* Info.plist */,
			);
			path = Resources;
			sourceTree = "<group>";
		};
		A66E3991228A50100042AD64 /* Storyboards */ = {
			isa = PBXGroup;
			children = (
				A66E3966228A4FE50042AD64 /* Main.storyboard */,
				A66E399F228A52F40042AD64 /* Home.storyboard */,
				A66E396B228A4FE70042AD64 /* LaunchScreen.storyboard */,
			);
			path = Storyboards;
			sourceTree = "<group>";
		};
		A66E3992228A50200042AD64 /* ViewControllers */ = {
			isa = PBXGroup;
			children = (
				A66E39B7228A54D00042AD64 /* Base */,
				A617AAA92291F141002F22CC /* Home */,
				A66E3962228A4FE50042AD64 /* FirstViewController.swift */,
				A66E3964228A4FE50042AD64 /* SecondViewController.swift */,
			);
			path = ViewControllers;
			sourceTree = "<group>";
		};
		A66E3993228A50310042AD64 /* Views */ = {
			isa = PBXGroup;
			children = (
				A6A35B8622947E3900018E44 /* Custom */,
				A6A35B7F229471D500018E44 /* Cells */,
			);
			path = Views;
			sourceTree = "<group>";
		};
		A66E3994228A50360042AD64 /* Models */ = {
			isa = PBXGroup;
			children = (
				A66E39B8228A55640042AD64 /* VideoPost.swift */,
				A617AAAC2291F211002F22CC /* PaginationInfo.swift */,
				A6A35B842294762C00018E44 /* Message.swift */,
				A6A35B8D2294958F00018E44 /* Story.swift */,
			);
			path = Models;
			sourceTree = "<group>";
		};
		A66E3995228A503B0042AD64 /* DataManager */ = {
			isa = PBXGroup;
			children = (
			);
			path = DataManager;
			sourceTree = "<group>";
		};
		A66E3996228A50450042AD64 /* Core */ = {
			isa = PBXGroup;
			children = (
				A617AAB22291F759002F22CC /* Presentable */,
				A66E3999228A506A0042AD64 /* Extensions */,
				A66E3998228A50650042AD64 /* Utils */,
			);
			path = Core;
			sourceTree = "<group>";
		};
		A66E3997228A504D0042AD64 /* Application */ = {
			isa = PBXGroup;
			children = (
				A66E3960228A4FE50042AD64 /* AppDelegate.swift */,
				A66E399D228A518F0042AD64 /* AppDefined.swift */,
				A617AAA52291EBC7002F22CC /* LSFailsError.swift */,
			);
			path = Application;
			sourceTree = "<group>";
		};
		A66E3998228A50650042AD64 /* Utils */ = {
			isa = PBXGroup;
			children = (
				A66E39A5228A53DD0042AD64 /* Logger.swift */,
				A66E39A7228A54050042AD64 /* ViewModelType.swift */,
				A66E39A9228A541E0042AD64 /* ErrorTracker.swift */,
				A617AAA32291EB9F002F22CC /* HTMLParser.swift */,
				A617AAB02291F73D002F22CC /* Configurable.swift */,
			);
			path = Utils;
			sourceTree = "<group>";
		};
		A66E3999228A506A0042AD64 /* Extensions */ = {
			isa = PBXGroup;
			children = (
				A66E39A3228A536D0042AD64 /* UIViewController+Utility.swift */,
				A66E39AB228A54420042AD64 /* UIFont+Utility.swift */,
				A66E39AD228A54500042AD64 /* UIColor+Utility.swift */,
				A66E39AF228A546B0042AD64 /* UIView+IBInspectables.swift */,
				A66E39B1228A54780042AD64 /* ObservableType+Tracker.swift */,
				A66E39B3228A54830042AD64 /* ObservableType+Utility.swift */,
			);
			path = Extensions;
			sourceTree = "<group>";
		};
		A66E399A228A507E0042AD64 /* Network */ = {
			isa = PBXGroup;
			children = (
				A66E399B228A50A70042AD64 /* LiveStreamFailsAPI.swift */,
			);
			path = Network;
			sourceTree = "<group>";
		};
		A66E39B7228A54D00042AD64 /* Base */ = {
			isa = PBXGroup;
			children = (
				A66E39B5228A54CC0042AD64 /* BaseViewController.swift */,
			);
			path = Base;
			sourceTree = "<group>";
		};
		A6A35B7F229471D500018E44 /* Cells */ = {
			isa = PBXGroup;
			children = (
				A6A35B802294734900018E44 /* ChatTableViewCell.swift */,
				A6A35B82229473B600018E44 /* ChatTableViewCell.xib */,
				A6A35B892294909C00018E44 /* StoryCollectionViewCell.swift */,
				A6A35B8B229490E800018E44 /* StoryCollectionViewCell.xib */,
			);
			path = Cells;
			sourceTree = "<group>";
		};
		A6A35B8622947E3900018E44 /* Custom */ = {
			isa = PBXGroup;
			children = (
				A6A35B8722947E4300018E44 /* PlayerView.swift */,
				A61398932295151400860952 /* LikeButton.swift */,
			);
			path = Custom;
			sourceTree = "<group>";
		};
/* End PBXGroup section */

/* Begin PBXNativeTarget section */
		A66E395C228A4FE50042AD64 /* LivestreamFails */ = {
			isa = PBXNativeTarget;
			buildConfigurationList = A66E3987228A4FE70042AD64 /* Build configuration list for PBXNativeTarget "LivestreamFails" */;
			buildPhases = (
				9DA38612C17CFE5B0BC3AE54 /* [CP] Check Pods Manifest.lock */,
				A617AAA22291EAC0002F22CC /* ShellScript */,
				A66E3959228A4FE50042AD64 /* Sources */,
				A66E395A228A4FE50042AD64 /* Frameworks */,
				A66E395B228A4FE50042AD64 /* Resources */,
				6D346E864A6D7CEE801D28DD /* [CP] Embed Pods Frameworks */,
			);
			buildRules = (
			);
			dependencies = (
			);
			name = LivestreamFails;
			productName = LivestreamFails;
			productReference = A66E395D228A4FE50042AD64 /* LivestreamFails.app */;
			productType = "com.apple.product-type.application";
		};
		A66E3972228A4FE70042AD64 /* LivestreamFailsTests */ = {
			isa = PBXNativeTarget;
			buildConfigurationList = A66E398A228A4FE70042AD64 /* Build configuration list for PBXNativeTarget "LivestreamFailsTests" */;
			buildPhases = (
				914E96E1E4A4B3255C9A61C3 /* [CP] Check Pods Manifest.lock */,
				A66E396F228A4FE70042AD64 /* Sources */,
				A66E3970228A4FE70042AD64 /* Frameworks */,
				A66E3971228A4FE70042AD64 /* Resources */,
			);
			buildRules = (
			);
			dependencies = (
				A66E3975228A4FE70042AD64 /* PBXTargetDependency */,
			);
			name = LivestreamFailsTests;
			productName = LivestreamFailsTests;
			productReference = A66E3973228A4FE70042AD64 /* LivestreamFailsTests.xctest */;
			productType = "com.apple.product-type.bundle.unit-test";
		};
		A66E397D228A4FE70042AD64 /* LivestreamFailsUITests */ = {
			isa = PBXNativeTarget;
			buildConfigurationList = A66E398D228A4FE70042AD64 /* Build configuration list for PBXNativeTarget "LivestreamFailsUITests" */;
			buildPhases = (
				35DF3FAF51F19433A83CBDDF /* [CP] Check Pods Manifest.lock */,
				A66E397A228A4FE70042AD64 /* Sources */,
				A66E397B228A4FE70042AD64 /* Frameworks */,
				A66E397C228A4FE70042AD64 /* Resources */,
			);
			buildRules = (
			);
			dependencies = (
				A66E3980228A4FE70042AD64 /* PBXTargetDependency */,
			);
			name = LivestreamFailsUITests;
			productName = LivestreamFailsUITests;
			productReference = A66E397E228A4FE70042AD64 /* LivestreamFailsUITests.xctest */;
			productType = "com.apple.product-type.bundle.ui-testing";
		};
/* End PBXNativeTarget section */

/* Begin PBXProject section */
		A66E3955228A4FE50042AD64 /* Project object */ = {
			isa = PBXProject;
			attributes = {
				LastSwiftUpdateCheck = 1020;
				LastUpgradeCheck = 1020;
				ORGANIZATIONNAME = "Scor Doan";
				TargetAttributes = {
					A66E395C228A4FE50042AD64 = {
						CreatedOnToolsVersion = 10.2.1;
					};
					A66E3972228A4FE70042AD64 = {
						CreatedOnToolsVersion = 10.2.1;
						TestTargetID = A66E395C228A4FE50042AD64;
					};
					A66E397D228A4FE70042AD64 = {
						CreatedOnToolsVersion = 10.2.1;
						TestTargetID = A66E395C228A4FE50042AD64;
					};
				};
			};
			buildConfigurationList = A66E3958228A4FE50042AD64 /* Build configuration list for PBXProject "LivestreamFails" */;
			compatibilityVersion = "Xcode 9.3";
			developmentRegion = en;
			hasScannedForEncodings = 0;
			knownRegions = (
				en,
				Base,
			);
			mainGroup = A66E3954228A4FE50042AD64;
			productRefGroup = A66E395E228A4FE50042AD64 /* Products */;
			projectDirPath = "";
			projectRoot = "";
			targets = (
				A66E395C228A4FE50042AD64 /* LivestreamFails */,
				A66E3972228A4FE70042AD64 /* LivestreamFailsTests */,
				A66E397D228A4FE70042AD64 /* LivestreamFailsUITests */,
			);
		};
/* End PBXProject section */

/* Begin PBXResourcesBuildPhase section */
		A66E395B228A4FE50042AD64 /* Resources */ = {
			isa = PBXResourcesBuildPhase;
			buildActionMask = 2147483647;
			files = (
				A66E396D228A4FE70042AD64 /* LaunchScreen.storyboard in Resources */,
				A66E396A228A4FE70042AD64 /* Assets.xcassets in Resources */,
				A617AAB62291F929002F22CC /* HomeVideoTableViewCell.xib in Resources */,
				A617AAB82291F987002F22CC /* Colors.xcassets in Resources */,
				A6A35B8C229490E800018E44 /* StoryCollectionViewCell.xib in Resources */,
				A66E3968228A4FE50042AD64 /* Main.storyboard in Resources */,
				A6A35B83229473B600018E44 /* ChatTableViewCell.xib in Resources */,
				A66E39A0228A52F40042AD64 /* Home.storyboard in Resources */,
			);
			runOnlyForDeploymentPostprocessing = 0;
		};
		A66E3971228A4FE70042AD64 /* Resources */ = {
			isa = PBXResourcesBuildPhase;
			buildActionMask = 2147483647;
			files = (
			);
			runOnlyForDeploymentPostprocessing = 0;
		};
		A66E397C228A4FE70042AD64 /* Resources */ = {
			isa = PBXResourcesBuildPhase;
			buildActionMask = 2147483647;
			files = (
			);
			runOnlyForDeploymentPostprocessing = 0;
		};
/* End PBXResourcesBuildPhase section */

/* Begin PBXShellScriptBuildPhase section */
		35DF3FAF51F19433A83CBDDF /* [CP] Check Pods Manifest.lock */ = {
			isa = PBXShellScriptBuildPhase;
			buildActionMask = 2147483647;
			files = (
			);
			inputPaths = (
				"${PODS_PODFILE_DIR_PATH}/Podfile.lock",
				"${PODS_ROOT}/Manifest.lock",
			);
			name = "[CP] Check Pods Manifest.lock";
			outputPaths = (
				"$(DERIVED_FILE_DIR)/Pods-LivestreamFailsUITests-checkManifestLockResult.txt",
			);
			runOnlyForDeploymentPostprocessing = 0;
			shellPath = /bin/sh;
			shellScript = "diff \"${PODS_PODFILE_DIR_PATH}/Podfile.lock\" \"${PODS_ROOT}/Manifest.lock\" > /dev/null\nif [ $? != 0 ] ; then\n    # print error to STDERR\n    echo \"error: The sandbox is not in sync with the Podfile.lock. Run 'pod install' or update your CocoaPods installation.\" >&2\n    exit 1\nfi\n# This output is used by Xcode 'outputs' to avoid re-running this script phase.\necho \"SUCCESS\" > \"${SCRIPT_OUTPUT_FILE_0}\"\n";
			showEnvVarsInLog = 0;
		};
		6D346E864A6D7CEE801D28DD /* [CP] Embed Pods Frameworks */ = {
			isa = PBXShellScriptBuildPhase;
			buildActionMask = 2147483647;
			files = (
			);
			inputPaths = (
				"${PODS_ROOT}/Target Support Files/Pods-LivestreamFails/Pods-LivestreamFails-frameworks.sh",
				"${BUILT_PRODUCTS_DIR}/Alamofire/Alamofire.framework",
				"${BUILT_PRODUCTS_DIR}/Differentiator/Differentiator.framework",
				"${BUILT_PRODUCTS_DIR}/Moya/Moya.framework",
				"${BUILT_PRODUCTS_DIR}/R.swift.Library/Rswift.framework",
				"${BUILT_PRODUCTS_DIR}/Result/Result.framework",
				"${BUILT_PRODUCTS_DIR}/RxCocoa/RxCocoa.framework",
				"${BUILT_PRODUCTS_DIR}/RxDataSources/RxDataSources.framework",
				"${BUILT_PRODUCTS_DIR}/RxSwift/RxSwift.framework",
				"${BUILT_PRODUCTS_DIR}/SDWebImage/SDWebImage.framework",
				"${BUILT_PRODUCTS_DIR}/SVProgressHUD/SVProgressHUD.framework",
				"${BUILT_PRODUCTS_DIR}/SnapKit/SnapKit.framework",
				"${BUILT_PRODUCTS_DIR}/SwiftSoup/SwiftSoup.framework",
			);
			name = "[CP] Embed Pods Frameworks";
			outputPaths = (
				"${TARGET_BUILD_DIR}/${FRAMEWORKS_FOLDER_PATH}/Alamofire.framework",
				"${TARGET_BUILD_DIR}/${FRAMEWORKS_FOLDER_PATH}/Differentiator.framework",
				"${TARGET_BUILD_DIR}/${FRAMEWORKS_FOLDER_PATH}/Moya.framework",
				"${TARGET_BUILD_DIR}/${FRAMEWORKS_FOLDER_PATH}/Rswift.framework",
				"${TARGET_BUILD_DIR}/${FRAMEWORKS_FOLDER_PATH}/Result.framework",
				"${TARGET_BUILD_DIR}/${FRAMEWORKS_FOLDER_PATH}/RxCocoa.framework",
				"${TARGET_BUILD_DIR}/${FRAMEWORKS_FOLDER_PATH}/RxDataSources.framework",
				"${TARGET_BUILD_DIR}/${FRAMEWORKS_FOLDER_PATH}/RxSwift.framework",
				"${TARGET_BUILD_DIR}/${FRAMEWORKS_FOLDER_PATH}/SDWebImage.framework",
				"${TARGET_BUILD_DIR}/${FRAMEWORKS_FOLDER_PATH}/SVProgressHUD.framework",
				"${TARGET_BUILD_DIR}/${FRAMEWORKS_FOLDER_PATH}/SnapKit.framework",
				"${TARGET_BUILD_DIR}/${FRAMEWORKS_FOLDER_PATH}/SwiftSoup.framework",
			);
			runOnlyForDeploymentPostprocessing = 0;
			shellPath = /bin/sh;
			shellScript = "\"${PODS_ROOT}/Target Support Files/Pods-LivestreamFails/Pods-LivestreamFails-frameworks.sh\"\n";
			showEnvVarsInLog = 0;
		};
		914E96E1E4A4B3255C9A61C3 /* [CP] Check Pods Manifest.lock */ = {
			isa = PBXShellScriptBuildPhase;
			buildActionMask = 2147483647;
			files = (
			);
			inputPaths = (
				"${PODS_PODFILE_DIR_PATH}/Podfile.lock",
				"${PODS_ROOT}/Manifest.lock",
			);
			name = "[CP] Check Pods Manifest.lock";
			outputPaths = (
				"$(DERIVED_FILE_DIR)/Pods-LivestreamFailsTests-checkManifestLockResult.txt",
			);
			runOnlyForDeploymentPostprocessing = 0;
			shellPath = /bin/sh;
			shellScript = "diff \"${PODS_PODFILE_DIR_PATH}/Podfile.lock\" \"${PODS_ROOT}/Manifest.lock\" > /dev/null\nif [ $? != 0 ] ; then\n    # print error to STDERR\n    echo \"error: The sandbox is not in sync with the Podfile.lock. Run 'pod install' or update your CocoaPods installation.\" >&2\n    exit 1\nfi\n# This output is used by Xcode 'outputs' to avoid re-running this script phase.\necho \"SUCCESS\" > \"${SCRIPT_OUTPUT_FILE_0}\"\n";
			showEnvVarsInLog = 0;
		};
		9DA38612C17CFE5B0BC3AE54 /* [CP] Check Pods Manifest.lock */ = {
			isa = PBXShellScriptBuildPhase;
			buildActionMask = 2147483647;
			files = (
			);
			inputPaths = (
				"${PODS_PODFILE_DIR_PATH}/Podfile.lock",
				"${PODS_ROOT}/Manifest.lock",
			);
			name = "[CP] Check Pods Manifest.lock";
			outputPaths = (
				"$(DERIVED_FILE_DIR)/Pods-LivestreamFails-checkManifestLockResult.txt",
			);
			runOnlyForDeploymentPostprocessing = 0;
			shellPath = /bin/sh;
			shellScript = "diff \"${PODS_PODFILE_DIR_PATH}/Podfile.lock\" \"${PODS_ROOT}/Manifest.lock\" > /dev/null\nif [ $? != 0 ] ; then\n    # print error to STDERR\n    echo \"error: The sandbox is not in sync with the Podfile.lock. Run 'pod install' or update your CocoaPods installation.\" >&2\n    exit 1\nfi\n# This output is used by Xcode 'outputs' to avoid re-running this script phase.\necho \"SUCCESS\" > \"${SCRIPT_OUTPUT_FILE_0}\"\n";
			showEnvVarsInLog = 0;
		};
		A617AAA22291EAC0002F22CC /* ShellScript */ = {
			isa = PBXShellScriptBuildPhase;
			buildActionMask = 2147483647;
			files = (
			);
			inputFileListPaths = (
			);
			inputPaths = (
				"$TEMP_DIR/rswift-lastrun",
			);
			outputFileListPaths = (
			);
			outputPaths = (
				$SRCROOT/R.generated.swift,
			);
			runOnlyForDeploymentPostprocessing = 0;
			shellPath = /bin/sh;
			shellScript = "# Type a script or drag a script file from your workspace to insert its path.\n\"$PODS_ROOT/R.swift/rswift\" generate \"$SRCROOT/R.generated.swift\"\n";
		};
/* End PBXShellScriptBuildPhase section */

/* Begin PBXSourcesBuildPhase section */
		A66E3959228A4FE50042AD64 /* Sources */ = {
			isa = PBXSourcesBuildPhase;
			buildActionMask = 2147483647;
			files = (
				A617AAB42291F774002F22CC /* VideoPostPresentable.swift in Sources */,
				A66E399C228A50A70042AD64 /* LiveStreamFailsAPI.swift in Sources */,
				A66E3965228A4FE50042AD64 /* SecondViewController.swift in Sources */,
				A66E3961228A4FE50042AD64 /* AppDelegate.swift in Sources */,
				A66E3963228A4FE50042AD64 /* FirstViewController.swift in Sources */,
				A66E39B9228A55640042AD64 /* VideoPost.swift in Sources */,
				A66E399E228A518F0042AD64 /* AppDefined.swift in Sources */,
				A617AAB12291F73D002F22CC /* Configurable.swift in Sources */,
				A66E39A4228A536D0042AD64 /* UIViewController+Utility.swift in Sources */,
				A617AAA82291EC08002F22CC /* R.generated.swift in Sources */,
				A6A35B8A2294909C00018E44 /* StoryCollectionViewCell.swift in Sources */,
				A66E39B0228A546B0042AD64 /* UIView+IBInspectables.swift in Sources */,
				A6A35B812294734900018E44 /* ChatTableViewCell.swift in Sources */,
				A66E39AC228A54420042AD64 /* UIFont+Utility.swift in Sources */,
				A617AAA42291EB9F002F22CC /* HTMLParser.swift in Sources */,
				A61398942295151400860952 /* LikeButton.swift in Sources */,
				A66E39A2228A53480042AD64 /* HomeViewController.swift in Sources */,
				A66E39B2228A54780042AD64 /* ObservableType+Tracker.swift in Sources */,
				A617AAA62291EBC7002F22CC /* LSFailsError.swift in Sources */,
				A66E39AE228A54500042AD64 /* UIColor+Utility.swift in Sources */,
				A617AAAB2291F1C9002F22CC /* HomeVideosViewModel.swift in Sources */,
				A66E39A6228A53DD0042AD64 /* Logger.swift in Sources */,
				A617AAAF2291F6E3002F22CC /* HomeVideoTableViewCell.swift in Sources */,
				A6A35B852294762C00018E44 /* Message.swift in Sources */,
				A66E39B4228A54830042AD64 /* ObservableType+Utility.swift in Sources */,
				A6A35B8822947E4300018E44 /* PlayerView.swift in Sources */,
				A66E39B6228A54CC0042AD64 /* BaseViewController.swift in Sources */,
				A66E39A8228A54050042AD64 /* ViewModelType.swift in Sources */,
				A66E39AA228A541E0042AD64 /* ErrorTracker.swift in Sources */,
				A617AAAD2291F211002F22CC /* PaginationInfo.swift in Sources */,
				A6A35B8E2294958F00018E44 /* Story.swift in Sources */,
			);
			runOnlyForDeploymentPostprocessing = 0;
		};
		A66E396F228A4FE70042AD64 /* Sources */ = {
			isa = PBXSourcesBuildPhase;
			buildActionMask = 2147483647;
			files = (
				A66E3978228A4FE70042AD64 /* LivestreamFailsTests.swift in Sources */,
			);
			runOnlyForDeploymentPostprocessing = 0;
		};
		A66E397A228A4FE70042AD64 /* Sources */ = {
			isa = PBXSourcesBuildPhase;
			buildActionMask = 2147483647;
			files = (
				A66E3983228A4FE70042AD64 /* LivestreamFailsUITests.swift in Sources */,
			);
			runOnlyForDeploymentPostprocessing = 0;
		};
/* End PBXSourcesBuildPhase section */

/* Begin PBXTargetDependency section */
		A66E3975228A4FE70042AD64 /* PBXTargetDependency */ = {
			isa = PBXTargetDependency;
			target = A66E395C228A4FE50042AD64 /* LivestreamFails */;
			targetProxy = A66E3974228A4FE70042AD64 /* PBXContainerItemProxy */;
		};
		A66E3980228A4FE70042AD64 /* PBXTargetDependency */ = {
			isa = PBXTargetDependency;
			target = A66E395C228A4FE50042AD64 /* LivestreamFails */;
			targetProxy = A66E397F228A4FE70042AD64 /* PBXContainerItemProxy */;
		};
/* End PBXTargetDependency section */

/* Begin PBXVariantGroup section */
		A66E3966228A4FE50042AD64 /* Main.storyboard */ = {
			isa = PBXVariantGroup;
			children = (
				A66E3967228A4FE50042AD64 /* Base */,
			);
			name = Main.storyboard;
			sourceTree = "<group>";
		};
		A66E396B228A4FE70042AD64 /* LaunchScreen.storyboard */ = {
			isa = PBXVariantGroup;
			children = (
				A66E396C228A4FE70042AD64 /* Base */,
			);
			name = LaunchScreen.storyboard;
			sourceTree = "<group>";
		};
/* End PBXVariantGroup section */

/* Begin XCBuildConfiguration section */
		A66E3985228A4FE70042AD64 /* Debug */ = {
			isa = XCBuildConfiguration;
			buildSettings = {
				ALWAYS_SEARCH_USER_PATHS = NO;
				CLANG_ANALYZER_NONNULL = YES;
				CLANG_ANALYZER_NUMBER_OBJECT_CONVERSION = YES_AGGRESSIVE;
				CLANG_CXX_LANGUAGE_STANDARD = "gnu++14";
				CLANG_CXX_LIBRARY = "libc++";
				CLANG_ENABLE_MODULES = YES;
				CLANG_ENABLE_OBJC_ARC = YES;
				CLANG_ENABLE_OBJC_WEAK = YES;
				CLANG_WARN_BLOCK_CAPTURE_AUTORELEASING = YES;
				CLANG_WARN_BOOL_CONVERSION = YES;
				CLANG_WARN_COMMA = YES;
				CLANG_WARN_CONSTANT_CONVERSION = YES;
				CLANG_WARN_DEPRECATED_OBJC_IMPLEMENTATIONS = YES;
				CLANG_WARN_DIRECT_OBJC_ISA_USAGE = YES_ERROR;
				CLANG_WARN_DOCUMENTATION_COMMENTS = YES;
				CLANG_WARN_EMPTY_BODY = YES;
				CLANG_WARN_ENUM_CONVERSION = YES;
				CLANG_WARN_INFINITE_RECURSION = YES;
				CLANG_WARN_INT_CONVERSION = YES;
				CLANG_WARN_NON_LITERAL_NULL_CONVERSION = YES;
				CLANG_WARN_OBJC_IMPLICIT_RETAIN_SELF = YES;
				CLANG_WARN_OBJC_LITERAL_CONVERSION = YES;
				CLANG_WARN_OBJC_ROOT_CLASS = YES_ERROR;
				CLANG_WARN_RANGE_LOOP_ANALYSIS = YES;
				CLANG_WARN_STRICT_PROTOTYPES = YES;
				CLANG_WARN_SUSPICIOUS_MOVE = YES;
				CLANG_WARN_UNGUARDED_AVAILABILITY = YES_AGGRESSIVE;
				CLANG_WARN_UNREACHABLE_CODE = YES;
				CLANG_WARN__DUPLICATE_METHOD_MATCH = YES;
				CODE_SIGN_IDENTITY = "iPhone Developer";
				COPY_PHASE_STRIP = NO;
				DEBUG_INFORMATION_FORMAT = dwarf;
				ENABLE_STRICT_OBJC_MSGSEND = YES;
				ENABLE_TESTABILITY = YES;
				GCC_C_LANGUAGE_STANDARD = gnu11;
				GCC_DYNAMIC_NO_PIC = NO;
				GCC_NO_COMMON_BLOCKS = YES;
				GCC_OPTIMIZATION_LEVEL = 0;
				GCC_PREPROCESSOR_DEFINITIONS = (
					"DEBUG=1",
					"$(inherited)",
				);
				GCC_WARN_64_TO_32_BIT_CONVERSION = YES;
				GCC_WARN_ABOUT_RETURN_TYPE = YES_ERROR;
				GCC_WARN_UNDECLARED_SELECTOR = YES;
				GCC_WARN_UNINITIALIZED_AUTOS = YES_AGGRESSIVE;
				GCC_WARN_UNUSED_FUNCTION = YES;
				GCC_WARN_UNUSED_VARIABLE = YES;
				IPHONEOS_DEPLOYMENT_TARGET = 12.2;
				MTL_ENABLE_DEBUG_INFO = INCLUDE_SOURCE;
				MTL_FAST_MATH = YES;
				ONLY_ACTIVE_ARCH = YES;
				SDKROOT = iphoneos;
				SWIFT_ACTIVE_COMPILATION_CONDITIONS = DEBUG;
				SWIFT_OPTIMIZATION_LEVEL = "-Onone";
			};
			name = Debug;
		};
		A66E3986228A4FE70042AD64 /* Release */ = {
			isa = XCBuildConfiguration;
			buildSettings = {
				ALWAYS_SEARCH_USER_PATHS = NO;
				CLANG_ANALYZER_NONNULL = YES;
				CLANG_ANALYZER_NUMBER_OBJECT_CONVERSION = YES_AGGRESSIVE;
				CLANG_CXX_LANGUAGE_STANDARD = "gnu++14";
				CLANG_CXX_LIBRARY = "libc++";
				CLANG_ENABLE_MODULES = YES;
				CLANG_ENABLE_OBJC_ARC = YES;
				CLANG_ENABLE_OBJC_WEAK = YES;
				CLANG_WARN_BLOCK_CAPTURE_AUTORELEASING = YES;
				CLANG_WARN_BOOL_CONVERSION = YES;
				CLANG_WARN_COMMA = YES;
				CLANG_WARN_CONSTANT_CONVERSION = YES;
				CLANG_WARN_DEPRECATED_OBJC_IMPLEMENTATIONS = YES;
				CLANG_WARN_DIRECT_OBJC_ISA_USAGE = YES_ERROR;
				CLANG_WARN_DOCUMENTATION_COMMENTS = YES;
				CLANG_WARN_EMPTY_BODY = YES;
				CLANG_WARN_ENUM_CONVERSION = YES;
				CLANG_WARN_INFINITE_RECURSION = YES;
				CLANG_WARN_INT_CONVERSION = YES;
				CLANG_WARN_NON_LITERAL_NULL_CONVERSION = YES;
				CLANG_WARN_OBJC_IMPLICIT_RETAIN_SELF = YES;
				CLANG_WARN_OBJC_LITERAL_CONVERSION = YES;
				CLANG_WARN_OBJC_ROOT_CLASS = YES_ERROR;
				CLANG_WARN_RANGE_LOOP_ANALYSIS = YES;
				CLANG_WARN_STRICT_PROTOTYPES = YES;
				CLANG_WARN_SUSPICIOUS_MOVE = YES;
				CLANG_WARN_UNGUARDED_AVAILABILITY = YES_AGGRESSIVE;
				CLANG_WARN_UNREACHABLE_CODE = YES;
				CLANG_WARN__DUPLICATE_METHOD_MATCH = YES;
				CODE_SIGN_IDENTITY = "iPhone Developer";
				COPY_PHASE_STRIP = NO;
				DEBUG_INFORMATION_FORMAT = "dwarf-with-dsym";
				ENABLE_NS_ASSERTIONS = NO;
				ENABLE_STRICT_OBJC_MSGSEND = YES;
				GCC_C_LANGUAGE_STANDARD = gnu11;
				GCC_NO_COMMON_BLOCKS = YES;
				GCC_WARN_64_TO_32_BIT_CONVERSION = YES;
				GCC_WARN_ABOUT_RETURN_TYPE = YES_ERROR;
				GCC_WARN_UNDECLARED_SELECTOR = YES;
				GCC_WARN_UNINITIALIZED_AUTOS = YES_AGGRESSIVE;
				GCC_WARN_UNUSED_FUNCTION = YES;
				GCC_WARN_UNUSED_VARIABLE = YES;
				IPHONEOS_DEPLOYMENT_TARGET = 12.2;
				MTL_ENABLE_DEBUG_INFO = NO;
				MTL_FAST_MATH = YES;
				SDKROOT = iphoneos;
				SWIFT_COMPILATION_MODE = wholemodule;
				SWIFT_OPTIMIZATION_LEVEL = "-O";
				VALIDATE_PRODUCT = YES;
			};
			name = Release;
		};
		A66E3988228A4FE70042AD64 /* Debug */ = {
			isa = XCBuildConfiguration;
			baseConfigurationReference = 5FC1EF5F171F6102EFFDD980 /* Pods-LivestreamFails.debug.xcconfig */;
			buildSettings = {
				ASSETCATALOG_COMPILER_APPICON_NAME = AppIcon;
				CODE_SIGN_STYLE = Automatic;
				INFOPLIST_FILE = "$(SRCROOT)/LivestreamFails/Resources/Info.plist";
				LD_RUNPATH_SEARCH_PATHS = (
					"$(inherited)",
					"@executable_path/Frameworks",
				);
				LIVESTREAMFAILS_BASE_URL = "https://m.livestreamfails.com";
				PRODUCT_BUNDLE_IDENTIFIER = com.tiendn.LivestreamFails;
				PRODUCT_NAME = "$(TARGET_NAME)";
				SWIFT_VERSION = 5.0;
				TARGETED_DEVICE_FAMILY = "1,2";
			};
			name = Debug;
		};
		A66E3989228A4FE70042AD64 /* Release */ = {
			isa = XCBuildConfiguration;
			baseConfigurationReference = 2572061465AABF6FDE3FD758 /* Pods-LivestreamFails.release.xcconfig */;
			buildSettings = {
				ASSETCATALOG_COMPILER_APPICON_NAME = AppIcon;
				CODE_SIGN_STYLE = Automatic;
				INFOPLIST_FILE = "$(SRCROOT)/LivestreamFails/Resources/Info.plist";
				LD_RUNPATH_SEARCH_PATHS = (
					"$(inherited)",
					"@executable_path/Frameworks",
				);
				LIVESTREAMFAILS_BASE_URL = "https://m.livestreamfails.com";
				PRODUCT_BUNDLE_IDENTIFIER = com.tiendn.LivestreamFails;
				PRODUCT_NAME = "$(TARGET_NAME)";
				SWIFT_VERSION = 5.0;
				TARGETED_DEVICE_FAMILY = "1,2";
			};
			name = Release;
		};
		A66E398B228A4FE70042AD64 /* Debug */ = {
			isa = XCBuildConfiguration;
			baseConfigurationReference = 8952A89AB44792B9FB6A27FF /* Pods-LivestreamFailsTests.debug.xcconfig */;
			buildSettings = {
				ALWAYS_EMBED_SWIFT_STANDARD_LIBRARIES = YES;
				BUNDLE_LOADER = "$(TEST_HOST)";
				CODE_SIGN_STYLE = Automatic;
				INFOPLIST_FILE = LivestreamFailsTests/Info.plist;
				LD_RUNPATH_SEARCH_PATHS = (
					"$(inherited)",
					"@executable_path/Frameworks",
					"@loader_path/Frameworks",
				);
				PRODUCT_BUNDLE_IDENTIFIER = com.tiendn.LivestreamFailsTests;
				PRODUCT_NAME = "$(TARGET_NAME)";
				SWIFT_VERSION = 5.0;
				TARGETED_DEVICE_FAMILY = "1,2";
				TEST_HOST = "$(BUILT_PRODUCTS_DIR)/LivestreamFails.app/LivestreamFails";
			};
			name = Debug;
		};
		A66E398C228A4FE70042AD64 /* Release */ = {
			isa = XCBuildConfiguration;
			baseConfigurationReference = DAA5F3E8D3C5F1344739246F /* Pods-LivestreamFailsTests.release.xcconfig */;
			buildSettings = {
				ALWAYS_EMBED_SWIFT_STANDARD_LIBRARIES = YES;
				BUNDLE_LOADER = "$(TEST_HOST)";
				CODE_SIGN_STYLE = Automatic;
				INFOPLIST_FILE = LivestreamFailsTests/Info.plist;
				LD_RUNPATH_SEARCH_PATHS = (
					"$(inherited)",
					"@executable_path/Frameworks",
					"@loader_path/Frameworks",
				);
				PRODUCT_BUNDLE_IDENTIFIER = com.tiendn.LivestreamFailsTests;
				PRODUCT_NAME = "$(TARGET_NAME)";
				SWIFT_VERSION = 5.0;
				TARGETED_DEVICE_FAMILY = "1,2";
				TEST_HOST = "$(BUILT_PRODUCTS_DIR)/LivestreamFails.app/LivestreamFails";
			};
			name = Release;
		};
		A66E398E228A4FE70042AD64 /* Debug */ = {
			isa = XCBuildConfiguration;
			baseConfigurationReference = 71B27BC93FE8E92137D9C91E /* Pods-LivestreamFailsUITests.debug.xcconfig */;
			buildSettings = {
				ALWAYS_EMBED_SWIFT_STANDARD_LIBRARIES = YES;
				CODE_SIGN_STYLE = Automatic;
				INFOPLIST_FILE = LivestreamFailsUITests/Info.plist;
				LD_RUNPATH_SEARCH_PATHS = (
					"$(inherited)",
					"@executable_path/Frameworks",
					"@loader_path/Frameworks",
				);
				PRODUCT_BUNDLE_IDENTIFIER = com.tiendn.LivestreamFailsUITests;
				PRODUCT_NAME = "$(TARGET_NAME)";
				SWIFT_VERSION = 5.0;
				TARGETED_DEVICE_FAMILY = "1,2";
				TEST_TARGET_NAME = LivestreamFails;
			};
			name = Debug;
		};
		A66E398F228A4FE70042AD64 /* Release */ = {
			isa = XCBuildConfiguration;
			baseConfigurationReference = FB3E594FF3818CE6DFAE5B0C /* Pods-LivestreamFailsUITests.release.xcconfig */;
			buildSettings = {
				ALWAYS_EMBED_SWIFT_STANDARD_LIBRARIES = YES;
				CODE_SIGN_STYLE = Automatic;
				INFOPLIST_FILE = LivestreamFailsUITests/Info.plist;
				LD_RUNPATH_SEARCH_PATHS = (
					"$(inherited)",
					"@executable_path/Frameworks",
					"@loader_path/Frameworks",
				);
				PRODUCT_BUNDLE_IDENTIFIER = com.tiendn.LivestreamFailsUITests;
				PRODUCT_NAME = "$(TARGET_NAME)";
				SWIFT_VERSION = 5.0;
				TARGETED_DEVICE_FAMILY = "1,2";
				TEST_TARGET_NAME = LivestreamFails;
			};
			name = Release;
		};
/* End XCBuildConfiguration section */

/* Begin XCConfigurationList section */
		A66E3958228A4FE50042AD64 /* Build configuration list for PBXProject "LivestreamFails" */ = {
			isa = XCConfigurationList;
			buildConfigurations = (
				A66E3985228A4FE70042AD64 /* Debug */,
				A66E3986228A4FE70042AD64 /* Release */,
			);
			defaultConfigurationIsVisible = 0;
			defaultConfigurationName = Release;
		};
		A66E3987228A4FE70042AD64 /* Build configuration list for PBXNativeTarget "LivestreamFails" */ = {
			isa = XCConfigurationList;
			buildConfigurations = (
				A66E3988228A4FE70042AD64 /* Debug */,
				A66E3989228A4FE70042AD64 /* Release */,
			);
			defaultConfigurationIsVisible = 0;
			defaultConfigurationName = Release;
		};
		A66E398A228A4FE70042AD64 /* Build configuration list for PBXNativeTarget "LivestreamFailsTests" */ = {
			isa = XCConfigurationList;
			buildConfigurations = (
				A66E398B228A4FE70042AD64 /* Debug */,
				A66E398C228A4FE70042AD64 /* Release */,
			);
			defaultConfigurationIsVisible = 0;
			defaultConfigurationName = Release;
		};
		A66E398D228A4FE70042AD64 /* Build configuration list for PBXNativeTarget "LivestreamFailsUITests" */ = {
			isa = XCConfigurationList;
			buildConfigurations = (
				A66E398E228A4FE70042AD64 /* Debug */,
				A66E398F228A4FE70042AD64 /* Release */,
			);
			defaultConfigurationIsVisible = 0;
			defaultConfigurationName = Release;
		};
/* End XCConfigurationList section */
	};
	rootObject = A66E3955228A4FE50042AD64 /* Project object */;
}
